
Microsoft Visual Studio Solution File, Format Version 12.00
# Visual Studio Version 16
VisualStudioVersion = 16.0.28809.33
MinimumVisualStudioVersion = 10.0.40219.1
Project("{FAE04EC0-301F-11D3-BF4B-00C04F79EFBC}") = "infoappart", "infoappart\infoappart.csproj", "{FF3912AA-D0F1-434A-91F7-6CB0EAEFB8BA}"
EndProject
Global
	GlobalSection(SolutionConfigurationPlatforms) = preSolution
		Debug|Any CPU = Debug|Any CPU
		Release|Any CPU = Release|Any CPU
	EndGlobalSection
	GlobalSection(ProjectConfigurationPlatforms) = postSolution
		{FF3912AA-D0F1-434A-91F7-6CB0EAEFB8BA}.Debug|Any CPU.ActiveCfg = Debug|Any CPU
		{FF3912AA-D0F1-434A-91F7-6CB0EAEFB8BA}.Debug|Any CPU.Build.0 = Debug|Any CPU
		{FF3912AA-D0F1-434A-91F7-6CB0EAEFB8BA}.Release|Any CPU.ActiveCfg = Release|Any CPU
		{FF3912AA-D0F1-434A-91F7-6CB0EAEFB8BA}.Release|Any CPU.Build.0 = Release|Any CPU
	EndGlobalSection
	GlobalSection(SolutionProperties) = preSolution
		HideSolutionNode = FALSE
	EndGlobalSection
	GlobalSection(ExtensibilityGlobals) = postSolution
		SolutionGuid = {66233CBF-DAE4-423B-AE0A-5D13CD73CBAD}
	EndGlobalSection
EndGlobal
