
Microsoft Visual Studio Solution File, Format Version 12.00
# Visual Studio Version 16
VisualStudioVersion = 16.0.28803.452
MinimumVisualStudioVersion = 10.0.40219.1
Project("{FAE04EC0-301F-11D3-BF4B-00C04F79EFBC}") = "Indicateurs", "Indicateurs\Indicateurs.csproj", "{B6D04D58-C135-4460-9314-796683488705}"
EndProject
Global
	GlobalSection(SolutionConfigurationPlatforms) = preSolution
		Debug|Any CPU = Debug|Any CPU
		Release|Any CPU = Release|Any CPU
	EndGlobalSection
	GlobalSection(ProjectConfigurationPlatforms) = postSolution
		{B6D04D58-C135-4460-9314-796683488705}.Debug|Any CPU.ActiveCfg = Debug|Any CPU
		{B6D04D58-C135-4460-9314-796683488705}.Debug|Any CPU.Build.0 = Debug|Any CPU
		{B6D04D58-C135-4460-9314-796683488705}.Release|Any CPU.ActiveCfg = Release|Any CPU
		{B6D04D58-C135-4460-9314-796683488705}.Release|Any CPU.Build.0 = Release|Any CPU
	EndGlobalSection
	GlobalSection(SolutionProperties) = preSolution
		HideSolutionNode = FALSE
	EndGlobalSection
	GlobalSection(ExtensibilityGlobals) = postSolution
		SolutionGuid = {0A04CA5C-D89B-44CE-AE4B-8E8A81D94190}
	EndGlobalSection
EndGlobal
